
Microsoft Visual Studio Solution File, Format Version 12.00
# Visual Studio Version 16
VisualStudioVersion = 16.0.33423.256
MinimumVisualStudioVersion = 10.0.40219.1
Project("{FAE04EC0-301F-11D3-BF4B-00C04F79EFBC}") = "Ex03.GarageLogic", "Ex03.GarageLogic\Ex03.GarageLogic.csproj", "{11F6EEFB-6AA5-4FD9-BDE1-F276BE195490}"
EndProject
Project("{FAE04EC0-301F-11D3-BF4B-00C04F79EFBC}") = "Ex03.ConsoleUI", "Ex03.ConsoleUI\Ex03.ConsoleUI.csproj", "{28C17938-6352-4B83-A697-F16D5F9093F8}"
EndProject
Global
	GlobalSection(SolutionConfigurationPlatforms) = preSolution
		Debug|Any CPU = Debug|Any CPU
		Release|Any CPU = Release|Any CPU
	EndGlobalSection
	GlobalSection(ProjectConfigurationPlatforms) = postSolution
		{11F6EEFB-6AA5-4FD9-BDE1-F276BE195490}.Debug|Any CPU.ActiveCfg = Debug|Any CPU
		{11F6EEFB-6AA5-4FD9-BDE1-F276BE195490}.Debug|Any CPU.Build.0 = Debug|Any CPU
		{11F6EEFB-6AA5-4FD9-BDE1-F276BE195490}.Release|Any CPU.ActiveCfg = Release|Any CPU
		{11F6EEFB-6AA5-4FD9-BDE1-F276BE195490}.Release|Any CPU.Build.0 = Release|Any CPU
		{28C17938-6352-4B83-A697-F16D5F9093F8}.Debug|Any CPU.ActiveCfg = Debug|Any CPU
		{28C17938-6352-4B83-A697-F16D5F9093F8}.Debug|Any CPU.Build.0 = Debug|Any CPU
		{28C17938-6352-4B83-A697-F16D5F9093F8}.Release|Any CPU.ActiveCfg = Release|Any CPU
		{28C17938-6352-4B83-A697-F16D5F9093F8}.Release|Any CPU.Build.0 = Release|Any CPU
	EndGlobalSection
	GlobalSection(SolutionProperties) = preSolution
		HideSolutionNode = FALSE
	EndGlobalSection
	GlobalSection(ExtensibilityGlobals) = postSolution
		SolutionGuid = {0589F5FC-C827-4C96-A9E0-E1460D7AA308}
	EndGlobalSection
EndGlobal
